<?xml version="1.0" encoding="utf-8"?>
<Project ToolsVersion="4.0" xmlns="http://schemas.microsoft.com/developer/msbuild/2003">
  <ItemGroup>
    <Filter Include="Source Files">
      <UniqueIdentifier>{4FC737F1-C7A5-4376-A066-2A32D752A2FF}</UniqueIdentifier>
      <Extensions>cpp;c;cc;cxx;c++;cppm;ixx;def;odl;idl;hpj;bat;asm;asmx</Extensions>
    </Filter>
    <Filter Include="Header Files">
      <UniqueIdentifier>{93995380-89BD-4b04-88EB-625FBE52EBFB}</UniqueIdentifier>
      <Extensions>h;hh;hpp;hxx;h++;hm;inl;inc;ipp;xsd</Extensions>
    </Filter>
    <Filter Include="Resource Files">
      <UniqueIdentifier>{67DA6AB6-F800-4c08-8B7A-83BB121AAD01}</UniqueIdentifier>
      <Extensions>rc;ico;cur;bmp;dlg;rc2;rct;bin;rgs;gif;jpg;jpeg;jpe;resx;tiff;tif;png;wav;mfcribbon-ms</Extensions>
    </Filter>
    <Filter Include="Source Files\utils">
      <UniqueIdentifier>{6c625489-c1e5-438b-bbdd-b3ebaa4bb779}</UniqueIdentifier>
    </Filter>
    <Filter Include="Source Files\solutions">
      <UniqueIdentifier>{4aa6f74c-fe99-42e8-9b60-cd0e40f2c442}</UniqueIdentifier>
    </Filter>
    <Filter Include="Source Files\solutions\2015">
      <UniqueIdentifier>{13fa1638-42b4-4885-a219-d3c7ccd06e58}</UniqueIdentifier>
    </Filter>
    <Filter Include="Source Files\solutions\2021">
      <UniqueIdentifier>{5dc9e44b-c795-401f-9613-25716a94b142}</UniqueIdentifier>
    </Filter>
    <Filter Include="Source Files\solutions\2022">
      <UniqueIdentifier>{8d8c5347-0710-4645-9961-98fed9bc5d19}</UniqueIdentifier>
    </Filter>
    <Filter Include="Source Files\solutions\2023">
      <UniqueIdentifier>{001b8707-a717-430c-ba6c-ee65376c6198}</UniqueIdentifier>
    </Filter>
    <Filter Include="Source Files\solutions\2020">
      <UniqueIdentifier>{e77553aa-9053-434e-9896-149d419fb231}</UniqueIdentifier>
    </Filter>
    <Filter Include="Source Files\solutions\2024">
      <UniqueIdentifier>{903373f5-476a-4ca3-adf7-9b85f1d78295}</UniqueIdentifier>
    </Filter>
    <Filter Include="Source Files\libs">
      <UniqueIdentifier>{bb150127-8611-421e-8e44-896cf0f45e53}</UniqueIdentifier>
    </Filter>
    <Filter Include="Source Files\libs\scnlib">
      <UniqueIdentifier>{f6f9ac47-eec6-41b2-abc2-53f4200c9573}</UniqueIdentifier>
    </Filter>
    <Filter Include="Source Files\libs\scnlib\src">
      <UniqueIdentifier>{8115cac1-7fa9-4319-bdc4-b9fb2296313b}</UniqueIdentifier>
    </Filter>
    <Filter Include="Source Files\libs\scnlib\include">
      <UniqueIdentifier>{f3e7a87e-b9ab-48d5-abe0-9e5b475987fd}</UniqueIdentifier>
    </Filter>
    <Filter Include="Source Files\solutions\2016">
      <UniqueIdentifier>{32f7ec9f-236d-4c41-835c-9e4b02465340}</UniqueIdentifier>
    </Filter>
    <Filter Include="Source Files\solutions\2025">
      <UniqueIdentifier>{9b108d72-6491-4782-8145-36c97b4fbb5b}</UniqueIdentifier>
    </Filter>
  </ItemGroup>
  <ItemGroup>
    <ClCompile Include="CodeAdvent.cpp">
      <Filter>Source Files</Filter>
    </ClCompile>
    <ClCompile Include="utils\File.cpp">
      <Filter>Source Files\utils</Filter>
    </ClCompile>
    <ClCompile Include="utils\Utils.ixx">
      <Filter>Source Files\utils</Filter>
    </ClCompile>
    <ClCompile Include="utils\Parsing.cpp">
      <Filter>Source Files\utils</Filter>
    </ClCompile>
    <ClCompile Include="utils\Math.ixx">
      <Filter>Source Files\utils</Filter>
    </ClCompile>
    <ClCompile Include="solutions\2015\Task_2015_1.cpp">
      <Filter>Source Files\solutions\2015</Filter>
    </ClCompile>
    <ClCompile Include="solutions\2015\Task_2015_2.cpp">
      <Filter>Source Files\solutions\2015</Filter>
    </ClCompile>
    <ClCompile Include="solutions\2015\Task_2015_3.cpp">
      <Filter>Source Files\solutions\2015</Filter>
    </ClCompile>
    <ClCompile Include="utils\Array2D.ixx">
      <Filter>Source Files\utils</Filter>
    </ClCompile>
    <ClCompile Include="solutions\2021\Task_2021_25.cpp">
      <Filter>Source Files\solutions\2021</Filter>
    </ClCompile>
    <ClCompile Include="utils\RectViews.ixx">
      <Filter>Source Files\utils</Filter>
    </ClCompile>
    <ClCompile Include="solutions\2021\Task_2021_1.cpp">
      <Filter>Source Files\solutions\2021</Filter>
    </ClCompile>
    <ClCompile Include="solutions\2022\Task_2022_1.cpp">
      <Filter>Source Files\solutions\2022</Filter>
    </ClCompile>
    <ClCompile Include="solutions\2022\Task_2022_25.cpp">
      <Filter>Source Files\solutions\2022</Filter>
    </ClCompile>
    <ClCompile Include="solutions\2022\Task_2022_24.cpp">
      <Filter>Source Files\solutions\2022</Filter>
    </ClCompile>
    <ClCompile Include="solutions\2023\Task_2023_1.cpp">
      <Filter>Source Files\solutions\2023</Filter>
    </ClCompile>
    <ClCompile Include="solutions\2021\Task_2021_2.cpp">
      <Filter>Source Files\solutions\2021</Filter>
    </ClCompile>
    <ClCompile Include="solutions\2023\Task_2023_2.cpp">
      <Filter>Source Files\solutions\2023</Filter>
    </ClCompile>
    <ClCompile Include="solutions\2023\Task_2023_3.cpp">
      <Filter>Source Files\solutions\2023</Filter>
    </ClCompile>
    <ClCompile Include="solutions\2023\Task_2023_4.cpp">
      <Filter>Source Files\solutions\2023</Filter>
    </ClCompile>
    <ClCompile Include="solutions\2023\Task_2023_5.cpp">
      <Filter>Source Files\solutions\2023</Filter>
    </ClCompile>
    <ClCompile Include="solutions\2023\Task_2023_6.cpp">
      <Filter>Source Files\solutions\2023</Filter>
    </ClCompile>
    <ClCompile Include="solutions\2023\Task_2023_7.cpp">
      <Filter>Source Files\solutions\2023</Filter>
    </ClCompile>
    <ClCompile Include="solutions\2023\Task_2023_8.cpp">
      <Filter>Source Files\solutions\2023</Filter>
    </ClCompile>
    <ClCompile Include="solutions\2023\Task_2023_9.cpp">
      <Filter>Source Files\solutions\2023</Filter>
    </ClCompile>
    <ClCompile Include="solutions\2023\Task_2023_10.cpp">
      <Filter>Source Files\solutions\2023</Filter>
    </ClCompile>
    <ClCompile Include="solutions\2023\Task_2023_11.cpp">
      <Filter>Source Files\solutions\2023</Filter>
    </ClCompile>
    <ClCompile Include="solutions\2023\Task_2023_12.cpp">
      <Filter>Source Files\solutions\2023</Filter>
    </ClCompile>
    <ClCompile Include="solutions\2023\Task_2023_13.cpp">
      <Filter>Source Files\solutions\2023</Filter>
    </ClCompile>
    <ClCompile Include="solutions\2023\Task_2023_14.cpp">
      <Filter>Source Files\solutions\2023</Filter>
    </ClCompile>
    <ClCompile Include="utils\Timer.ixx">
      <Filter>Source Files\utils</Filter>
    </ClCompile>
    <ClCompile Include="utils\Functional.ixx">
      <Filter>Source Files\utils</Filter>
    </ClCompile>
    <ClCompile Include="solutions\2023\Task_2023_15.cpp">
      <Filter>Source Files\solutions\2023</Filter>
    </ClCompile>
    <ClCompile Include="solutions\2023\Task_2023_16.cpp">
      <Filter>Source Files\solutions\2023</Filter>
    </ClCompile>
    <ClCompile Include="utils\Directions.ixx">
      <Filter>Source Files\utils</Filter>
    </ClCompile>
    <ClCompile Include="solutions\2023\Task_2023_17.cpp">
      <Filter>Source Files\solutions\2023</Filter>
    </ClCompile>
    <ClCompile Include="solutions\2023\Task_2023_18.cpp">
      <Filter>Source Files\solutions\2023</Filter>
    </ClCompile>
    <ClCompile Include="solutions\2023\Task_2023_19.cpp">
      <Filter>Source Files\solutions\2023</Filter>
    </ClCompile>
    <ClCompile Include="solutions\2023\Task_2023_20.cpp">
      <Filter>Source Files\solutions\2023</Filter>
    </ClCompile>
    <ClCompile Include="solutions\2023\Task_2023_21.cpp">
      <Filter>Source Files\solutions\2023</Filter>
    </ClCompile>
    <ClCompile Include="solutions\2023\Task_2023_22.cpp">
      <Filter>Source Files\solutions\2023</Filter>
    </ClCompile>
    <ClCompile Include="solutions\2023\Task_2023_23.cpp">
      <Filter>Source Files\solutions\2023</Filter>
    </ClCompile>
    <ClCompile Include="solutions\2023\Task_2023_24.cpp">
      <Filter>Source Files\solutions\2023</Filter>
    </ClCompile>
    <ClCompile Include="solutions\2020\Task_2020_1.cpp">
      <Filter>Source Files\solutions\2020</Filter>
    </ClCompile>
    <ClCompile Include="solutions\2020\Task_2020_2.cpp">
      <Filter>Source Files\solutions\2020</Filter>
    </ClCompile>
    <ClCompile Include="solutions\2020\Task_2020_25.cpp">
      <Filter>Source Files\solutions\2020</Filter>
    </ClCompile>
    <ClCompile Include="solutions\2024\Task_2024_1.cpp">
      <Filter>Source Files\solutions\2024</Filter>
    </ClCompile>
    <ClCompile Include="solutions\2024\Task_2024_2.cpp">
      <Filter>Source Files\solutions\2024</Filter>
    </ClCompile>
    <ClCompile Include="libs\scnlib\src\scn\impl.cpp">
      <Filter>Source Files\libs\scnlib\src</Filter>
    </ClCompile>
    <ClCompile Include="solutions\2024\Task_2024_3.cpp">
      <Filter>Source Files\solutions\2024</Filter>
    </ClCompile>
    <ClCompile Include="solutions\2024\Task_2024_4.cpp">
      <Filter>Source Files\solutions\2024</Filter>
    </ClCompile>
    <ClCompile Include="solutions\2024\Task_2024_5.cpp">
      <Filter>Source Files\solutions\2024</Filter>
    </ClCompile>
    <ClCompile Include="solutions\2024\Task_2024_6.cpp">
      <Filter>Source Files\solutions\2024</Filter>
    </ClCompile>
    <ClCompile Include="solutions\2024\Task_2024_7.cpp">
      <Filter>Source Files\solutions\2024</Filter>
    </ClCompile>
    <ClCompile Include="solutions\2024\Task_2024_8.cpp">
      <Filter>Source Files\solutions\2024</Filter>
    </ClCompile>
    <ClCompile Include="solutions\2024\Task_2024_9.cpp">
      <Filter>Source Files\solutions\2024</Filter>
    </ClCompile>
    <ClCompile Include="solutions\2024\Task_2024_10.cpp">
      <Filter>Source Files\solutions\2024</Filter>
    </ClCompile>
    <ClCompile Include="solutions\2024\Task_2024_11.cpp">
      <Filter>Source Files\solutions\2024</Filter>
    </ClCompile>
    <ClCompile Include="solutions\2024\Task_2024_12.cpp">
      <Filter>Source Files\solutions\2024</Filter>
    </ClCompile>
    <ClCompile Include="solutions\2024\Task_2024_13.cpp">
      <Filter>Source Files\solutions\2024</Filter>
    </ClCompile>
    <ClCompile Include="solutions\2024\Task_2024_14.cpp">
      <Filter>Source Files\solutions\2024</Filter>
    </ClCompile>
    <ClCompile Include="solutions\2024\Task_2024_15.cpp">
      <Filter>Source Files\solutions\2024</Filter>
    </ClCompile>
    <ClCompile Include="solutions\2020\Task_2020_3.cpp">
      <Filter>Source Files\solutions\2020</Filter>
    </ClCompile>
    <ClCompile Include="solutions\2024\Task_2024_16.cpp">
      <Filter>Source Files\solutions\2024</Filter>
    </ClCompile>
    <ClCompile Include="solutions\2024\Task_2024_17.cpp">
      <Filter>Source Files\solutions\2024</Filter>
    </ClCompile>
    <ClCompile Include="utils\Algorithms.ixx">
      <Filter>Source Files\utils</Filter>
    </ClCompile>
    <ClCompile Include="utils\Types.ixx">
      <Filter>Source Files\utils</Filter>
    </ClCompile>
    <ClCompile Include="solutions\2024\Task_2024_18.cpp">
      <Filter>Source Files\solutions\2024</Filter>
    </ClCompile>
    <ClCompile Include="solutions\2024\Task_2024_19.cpp">
      <Filter>Source Files\solutions\2024</Filter>
    </ClCompile>
    <ClCompile Include="solutions\2022\Task_2022_23.cpp">
      <Filter>Source Files\solutions\2022</Filter>
    </ClCompile>
    <ClCompile Include="solutions\2024\Task_2024_20.cpp">
      <Filter>Source Files\solutions\2024</Filter>
    </ClCompile>
    <ClCompile Include="solutions\2024\Task_2024_21.cpp">
      <Filter>Source Files\solutions\2024</Filter>
    </ClCompile>
    <ClCompile Include="solutions\2024\Task_2024_22.cpp">
      <Filter>Source Files\solutions\2024</Filter>
    </ClCompile>
    <ClCompile Include="solutions\2021\Task_2021_3.cpp">
      <Filter>Source Files\solutions\2021</Filter>
    </ClCompile>
    <ClCompile Include="solutions\2024\Task_2024_23.cpp">
      <Filter>Source Files\solutions\2024</Filter>
    </ClCompile>
    <ClCompile Include="solutions\2024\Task_2024_24.cpp">
      <Filter>Source Files\solutions\2024</Filter>
    </ClCompile>
    <ClCompile Include="utils\Parsing.ixx">
      <Filter>Source Files\utils</Filter>
    </ClCompile>
    <ClCompile Include="utils\File.ixx">
      <Filter>Source Files\utils</Filter>
    </ClCompile>
    <ClCompile Include="Runner.cpp">
      <Filter>Source Files</Filter>
    </ClCompile>
    <ClCompile Include="Runner.h">
      <Filter>Source Files</Filter>
    </ClCompile>
    <ClCompile Include="solutions\2024\Task_2024_25.cpp">
      <Filter>Source Files\solutions\2024</Filter>
    </ClCompile>
    <ClCompile Include="utils\Regex.ixx">
      <Filter>Source Files\utils</Filter>
    </ClCompile>
    <ClCompile Include="solutions\2022\Task_2022_2.cpp">
      <Filter>Source Files\solutions\2022</Filter>
    </ClCompile>
    <ClCompile Include="solutions\2022\Task_2022_3.cpp">
      <Filter>Source Files\solutions\2022</Filter>
    </ClCompile>
    <ClCompile Include="solutions\2022\Task_2022_4.cpp">
      <Filter>Source Files\solutions\2022</Filter>
    </ClCompile>
    <ClCompile Include="solutions\2022\Task_2022_5.cpp">
      <Filter>Source Files\solutions\2022</Filter>
    </ClCompile>
    <ClCompile Include="utils\Algorithms.cpp">
      <Filter>Source Files\utils</Filter>
    </ClCompile>
    <ClCompile Include="utils\MD5.ixx">
      <Filter>Source Files\utils</Filter>
    </ClCompile>
    <ClCompile Include="solutions\2015\Task_2015_4.cpp">
      <Filter>Source Files\solutions\2015</Filter>
    </ClCompile>
    <ClCompile Include="solutions\2015\Task_2015_5.cpp">
      <Filter>Source Files\solutions\2015</Filter>
    </ClCompile>
    <ClCompile Include="solutions\2015\Task_2015_6.cpp">
      <Filter>Source Files\solutions\2015</Filter>
    </ClCompile>
    <ClCompile Include="solutions\2015\Task_2015_7.cpp">
      <Filter>Source Files\solutions\2015</Filter>
    </ClCompile>
    <ClCompile Include="solutions\2015\Task_2015_8.cpp">
      <Filter>Source Files\solutions\2015</Filter>
    </ClCompile>
    <ClCompile Include="solutions\2022\Task_2022_6.cpp">
      <Filter>Source Files\solutions\2022</Filter>
    </ClCompile>
    <ClCompile Include="solutions\2022\Task_2022_7.cpp">
      <Filter>Source Files\solutions\2022</Filter>
    </ClCompile>
    <ClCompile Include="solutions\2016\Task_2016_1.cpp">
      <Filter>Source Files\solutions\2016</Filter>
    </ClCompile>
    <ClCompile Include="solutions\2015\Task_2015_9.cpp">
      <Filter>Source Files\solutions\2015</Filter>
    </ClCompile>
    <ClCompile Include="solutions\2022\Task_2022_8.cpp">
      <Filter>Source Files\solutions\2022</Filter>
    </ClCompile>
    <ClCompile Include="solutions\2022\Task_2022_9.cpp">
      <Filter>Source Files\solutions\2022</Filter>
    </ClCompile>
    <ClCompile Include="solutions\2015\Task_2015_10.cpp">
      <Filter>Source Files\solutions\2015</Filter>
    </ClCompile>
    <ClCompile Include="solutions\2015\Task_2015_11.cpp">
      <Filter>Source Files\solutions\2015</Filter>
    </ClCompile>
    <ClCompile Include="solutions\2015\Task_2015_12.cpp">
      <Filter>Source Files\solutions\2015</Filter>
    </ClCompile>
    <ClCompile Include="solutions\2015\Task_2015_13.cpp">
      <Filter>Source Files\solutions\2015</Filter>
    </ClCompile>
    <ClCompile Include="solutions\2015\Task_2015_14.cpp">
      <Filter>Source Files\solutions\2015</Filter>
    </ClCompile>
    <ClCompile Include="solutions\2021\Task_2021_4.cpp">
      <Filter>Source Files\solutions\2021</Filter>
    </ClCompile>
    <ClCompile Include="solutions\2015\Task_2015_15.cpp">
      <Filter>Source Files\solutions\2015</Filter>
    </ClCompile>
    <ClCompile Include="solutions\2025\Task_2025_1.cpp">
      <Filter>Source Files\solutions\2025</Filter>
    </ClCompile>
    <ClCompile Include="solutions\2025\Task_2025_2.cpp">
      <Filter>Source Files\solutions\2025</Filter>
    </ClCompile>
    <ClCompile Include="solutions\2025\Task_2025_3.cpp">
      <Filter>Source Files\solutions\2025</Filter>
    </ClCompile>
    <ClCompile Include="solutions\2020\Task_2020_4.cpp">
      <Filter>Source Files\solutions\2020</Filter>
    </ClCompile>
  </ItemGroup>
  <ItemGroup>
    <ClInclude Include="libs\scnlib\src\scn\impl.h">
      <Filter>Source Files\libs\scnlib\src</Filter>
    </ClInclude>
    <ClInclude Include="libs\scnlib\include\scn\chrono.h">
      <Filter>Source Files\libs\scnlib\include</Filter>
    </ClInclude>
    <ClInclude Include="libs\scnlib\include\scn\fwd.h">
      <Filter>Source Files\libs\scnlib\include</Filter>
    </ClInclude>
    <ClInclude Include="libs\scnlib\include\scn\istream.h">
      <Filter>Source Files\libs\scnlib\include</Filter>
    </ClInclude>
    <ClInclude Include="libs\scnlib\include\scn\ranges.h">
      <Filter>Source Files\libs\scnlib\include</Filter>
    </ClInclude>
    <ClInclude Include="libs\scnlib\include\scn\regex.h">
      <Filter>Source Files\libs\scnlib\include</Filter>
    </ClInclude>
    <ClInclude Include="libs\scnlib\include\scn\scan.h">
      <Filter>Source Files\libs\scnlib\include</Filter>
    </ClInclude>
    <ClInclude Include="libs\scnlib\include\scn\xchar.h">
      <Filter>Source Files\libs\scnlib\include</Filter>
    </ClInclude>
  </ItemGroup>
</Project>